spec = "lexlean/lock/1"
language = "1.1"
compiler_semantics = "49561889f77c9c3571da51e8e53233da9df5ab8f46d16165159425ba2e82dc44"
project_config_sha256 = "52a3d7e7021f808854a5d41c4557adea4a9ed0cebfe87a261e0ab74804d0fccb"
lean_toolchain = "leanprover/lean4:v4.32.1"

[[workspace_file]]
path = "lake-manifest.json"
sha256 = "7bd051c282eca7ece0d657e38be7a1e1621ae799cda43ce6597d55bd90c86e2f"

[[workspace_file]]
path = "lakefile.toml"
sha256 = "331a2d3808e052253f1c66330c8229a602d666a978defedc0ca40f40e10e1dc2"

[[workspace_file]]
path = "lean-toolchain"
sha256 = "8e3538e0ab5f81a3ee04927d8838c8c674e0e112838b4b3ce87ec218143276af"

[[package]]
id = "lexlean.core"
version = "1.1.0"
kind = "builtin"
source = "embedded"
revision = "compiler-semantics"
tree_sha256 = "c2a6e1ec065a2ce4e78db6bcb9ec3d511b5b4f4dc4c6db29f8c914da6d64d012"
manifest_sha256 = "b40fae762f71fbe14c8f5012adde6ab3033bf17cdb6462ddfee26041e878d567"
imports = []
